PODS:
  - IQKeyboardManagerSwift (5.0.8)
  - Kingfisher (4.6.3)
  - Realm (3.1.1):
    - Realm/Headers (= 3.1.1)
  - Realm/Headers (3.1.1)
  - RealmSwift (3.1.1):
    - Realm (= 3.1.1)

DEPENDENCIES:
  - IQKeyboardManagerSwift
  - Kingfisher (~> 4.0)
  - RealmSwift

SPEC REPOS:
  https://github.com/cocoapods/specs.git:
    - IQKeyboardManagerSwift
    - Kingfisher
    - Realm
    - RealmSwift

SPEC CHECKSUMS:
  IQKeyboardManagerSwift: 2e7dc7f98c111458c1ea2b373f893e8cf95e2b97
  Kingfisher: 98e6d5b5e807645743e8ed5ececd25d688d38452
  Realm: 42d1c38a5b1bbcc828b48a7ce702cb86fc68adf4
  RealmSwift: d31937ca6a6ee54acde64ec839523c0a3c04924b

PODFILE CHECKSUM: 3ea06fb64a3733e88b6f38686454295ad8b3eacf

COCOAPODS: 1.5.2
